
Microsoft Visual Studio Solution File, Format Version 12.00
# Visual Studio Version 16
VisualStudioVersion = 16.0.29920.165
MinimumVisualStudioVersion = 10.0.40219.1
Project("{9A19103F-16F7-4668-BE54-9A1E7A4F7556}") = "AspNetCoreTodo", "AspNetCoreTodo.csproj", "{EBD481A4-5060-41B4-909A-145AD6920802}"
EndProject
Global
	GlobalSection(SolutionConfigurationPlatforms) = preSolution
		Debug|Any CPU = Debug|Any CPU
		Release|Any CPU = Release|Any CPU
	EndGlobalSection
	GlobalSection(ProjectConfigurationPlatforms) = postSolution
		{EBD481A4-5060-41B4-909A-145AD6920802}.Debug|Any CPU.ActiveCfg = Debug|Any CPU
		{EBD481A4-5060-41B4-909A-145AD6920802}.Debug|Any CPU.Build.0 = Debug|Any CPU
		{EBD481A4-5060-41B4-909A-145AD6920802}.Release|Any CPU.ActiveCfg = Release|Any CPU
		{EBD481A4-5060-41B4-909A-145AD6920802}.Release|Any CPU.Build.0 = Release|Any CPU
	EndGlobalSection
	GlobalSection(SolutionProperties) = preSolution
		HideSolutionNode = FALSE
	EndGlobalSection
	GlobalSection(ExtensibilityGlobals) = postSolution
		SolutionGuid = {013ED921-D614-4045-A67D-AC40A13959AD}
	EndGlobalSection
EndGlobal
